
Microsoft Visual Studio Solution File, Format Version 12.00
# Visual Studio 15
VisualStudioVersion = 15.0.27130.2027
MinimumVisualStudioVersion = 10.0.40219.1
Project("{2150E333-8FDC-42A3-9474-1A3956D46DE8}") = "nuget", "nuget", "{341B9557-A193-4E2A-8CFD-F7D3511C752A}"
	ProjectSection(SolutionItems) = preProject
		src\Keeker.Client.Gui\EditHeaderDialog.cs = src\Keeker.Client.Gui\EditHeaderDialog.cs
		src\Keeker.Client.Gui\EditHeaderDialog.Designer.cs = src\Keeker.Client.Gui\EditHeaderDialog.Designer.cs
		src\Keeker.Client.Gui\EditHeaderDialog.resx = src\Keeker.Client.Gui\EditHeaderDialog.resx
	EndProjectSection
EndProject
Project("{2150E333-8FDC-42A3-9474-1A3956D46DE8}") = "nunit", "nunit", "{5273FE0D-AF11-4757-B0D0-F1A87E1EF5E1}"
EndProject
Project("{2150E333-8FDC-42A3-9474-1A3956D46DE8}") = "src", "src", "{CC46CD06-CEC1-416E-8F6E-22825FC60D8E}"
EndProject
Project("{2150E333-8FDC-42A3-9474-1A3956D46DE8}") = "test", "test", "{B5E4E568-F325-4FA3-A76F-69554EACC9E6}"
EndProject
Project("{FAE04EC0-301F-11D3-BF4B-00C04F79EFBC}") = "Keeker.Gui", "src\Keeker.Gui\Keeker.Gui.csproj", "{48EAA43A-E921-4165-90E9-CDA18FD9CD5C}"
EndProject
Project("{FAE04EC0-301F-11D3-BF4B-00C04F79EFBC}") = "Keeker.Core.Test", "test\Keeker.Core.Test\Keeker.Core.Test.csproj", "{32086352-F513-4F29-88CE-6C99C8BA6AA4}"
EndProject
Project("{FAE04EC0-301F-11D3-BF4B-00C04F79EFBC}") = "Keeker.Server.Gui", "src\Keeker.Server.Gui\Keeker.Server.Gui.csproj", "{9A0B6DE3-DEF5-4312-977C-396C44B0D4C8}"
EndProject
Project("{FAE04EC0-301F-11D3-BF4B-00C04F79EFBC}") = "Keeker.Core", "src\Keeker.Core\Keeker.Core.csproj", "{3195BB27-0EE2-432F-914E-974B318F2A78}"
EndProject
Project("{FAE04EC0-301F-11D3-BF4B-00C04F79EFBC}") = "Keeker.Server", "src\Keeker.Server\Keeker.Server.csproj", "{3AB7C111-F064-4E02-98F7-A7D39230DEE3}"
EndProject
Project("{FAE04EC0-301F-11D3-BF4B-00C04F79EFBC}") = "Keeker.UI", "src\Keeker.UI\Keeker.UI.csproj", "{5154FDB4-1B39-444F-97D8-F560D71255FB}"
EndProject
Project("{FAE04EC0-301F-11D3-BF4B-00C04F79EFBC}") = "Keeker.Client", "src\Keeker.Client\Keeker.Client.csproj", "{14C9A83C-B7C9-48F0-9724-E769198365B4}"
EndProject
Project("{FAE04EC0-301F-11D3-BF4B-00C04F79EFBC}") = "Keeker.Client.Gui", "src\Keeker.Client.Gui\Keeker.Client.Gui.csproj", "{A415CD55-917B-44FC-BC35-B570B260D33E}"
EndProject
Project("{FAE04EC0-301F-11D3-BF4B-00C04F79EFBC}") = "Keeker.Utils", "src\Keeker.Utils\Keeker.Utils.csproj", "{37D748B7-73B8-4DD5-9615-155EAF8189E0}"
EndProject
Project("{FAE04EC0-301F-11D3-BF4B-00C04F79EFBC}") = "Keeker.Test.Gui", "src\Keeker.Test.Gui\Keeker.Test.Gui.csproj", "{1C9DF059-183B-42D4-AE75-11383BDF04C2}"
EndProject
Project("{FAE04EC0-301F-11D3-BF4B-00C04F79EFBC}") = "Keeker.Test.DemoFirst", "src\Keeker.Test.DemoFirst\Keeker.Test.DemoFirst.csproj", "{69E568A2-3606-442D-81F9-D29E38E98A4F}"
EndProject
Project("{FAE04EC0-301F-11D3-BF4B-00C04F79EFBC}") = "Keeker.Test.DemoSecond", "src\Keeker.Test.DemoSecond\Keeker.Test.DemoSecond.csproj", "{CE08407F-8084-4EC1-A27D-58E428768671}"
EndProject
Project("{FAE04EC0-301F-11D3-BF4B-00C04F79EFBC}") = "Keeker.Server.UI", "src\Keeker.Server.UI\Keeker.Server.UI.csproj", "{B01AA1DC-4EE6-4E74-97CA-1C2ED8B8ADAE}"
EndProject
Global
	GlobalSection(SolutionConfigurationPlatforms) = preSolution
		Debug|Any CPU = Debug|Any CPU
		Release|Any CPU = Release|Any CPU
	EndGlobalSection
	GlobalSection(ProjectConfigurationPlatforms) = postSolution
		{48EAA43A-E921-4165-90E9-CDA18FD9CD5C}.Debug|Any CPU.ActiveCfg = Debug|Any CPU
		{48EAA43A-E921-4165-90E9-CDA18FD9CD5C}.Debug|Any CPU.Build.0 = Debug|Any CPU
		{48EAA43A-E921-4165-90E9-CDA18FD9CD5C}.Release|Any CPU.ActiveCfg = Release|Any CPU
		{48EAA43A-E921-4165-90E9-CDA18FD9CD5C}.Release|Any CPU.Build.0 = Release|Any CPU
		{32086352-F513-4F29-88CE-6C99C8BA6AA4}.Debug|Any CPU.ActiveCfg = Debug|Any CPU
		{32086352-F513-4F29-88CE-6C99C8BA6AA4}.Debug|Any CPU.Build.0 = Debug|Any CPU
		{32086352-F513-4F29-88CE-6C99C8BA6AA4}.Release|Any CPU.ActiveCfg = Release|Any CPU
		{32086352-F513-4F29-88CE-6C99C8BA6AA4}.Release|Any CPU.Build.0 = Release|Any CPU
		{9A0B6DE3-DEF5-4312-977C-396C44B0D4C8}.Debug|Any CPU.ActiveCfg = Debug|Any CPU
		{9A0B6DE3-DEF5-4312-977C-396C44B0D4C8}.Debug|Any CPU.Build.0 = Debug|Any CPU
		{9A0B6DE3-DEF5-4312-977C-396C44B0D4C8}.Release|Any CPU.ActiveCfg = Release|Any CPU
		{9A0B6DE3-DEF5-4312-977C-396C44B0D4C8}.Release|Any CPU.Build.0 = Release|Any CPU
		{3195BB27-0EE2-432F-914E-974B318F2A78}.Debug|Any CPU.ActiveCfg = Debug|Any CPU
		{3195BB27-0EE2-432F-914E-974B318F2A78}.Debug|Any CPU.Build.0 = Debug|Any CPU
		{3195BB27-0EE2-432F-914E-974B318F2A78}.Release|Any CPU.ActiveCfg = Release|Any CPU
		{3195BB27-0EE2-432F-914E-974B318F2A78}.Release|Any CPU.Build.0 = Release|Any CPU
		{3AB7C111-F064-4E02-98F7-A7D39230DEE3}.Debug|Any CPU.ActiveCfg = Debug|Any CPU
		{3AB7C111-F064-4E02-98F7-A7D39230DEE3}.Debug|Any CPU.Build.0 = Debug|Any CPU
		{3AB7C111-F064-4E02-98F7-A7D39230DEE3}.Release|Any CPU.ActiveCfg = Release|Any CPU
		{3AB7C111-F064-4E02-98F7-A7D39230DEE3}.Release|Any CPU.Build.0 = Release|Any CPU
		{5154FDB4-1B39-444F-97D8-F560D71255FB}.Debug|Any CPU.ActiveCfg = Debug|Any CPU
		{5154FDB4-1B39-444F-97D8-F560D71255FB}.Debug|Any CPU.Build.0 = Debug|Any CPU
		{5154FDB4-1B39-444F-97D8-F560D71255FB}.Release|Any CPU.ActiveCfg = Release|Any CPU
		{5154FDB4-1B39-444F-97D8-F560D71255FB}.Release|Any CPU.Build.0 = Release|Any CPU
		{14C9A83C-B7C9-48F0-9724-E769198365B4}.Debug|Any CPU.ActiveCfg = Debug|Any CPU
		{14C9A83C-B7C9-48F0-9724-E769198365B4}.Debug|Any CPU.Build.0 = Debug|Any CPU
		{14C9A83C-B7C9-48F0-9724-E769198365B4}.Release|Any CPU.ActiveCfg = Release|Any CPU
		{14C9A83C-B7C9-48F0-9724-E769198365B4}.Release|Any CPU.Build.0 = Release|Any CPU
		{A415CD55-917B-44FC-BC35-B570B260D33E}.Debug|Any CPU.ActiveCfg = Debug|Any CPU
		{A415CD55-917B-44FC-BC35-B570B260D33E}.Debug|Any CPU.Build.0 = Debug|Any CPU
		{A415CD55-917B-44FC-BC35-B570B260D33E}.Release|Any CPU.ActiveCfg = Release|Any CPU
		{A415CD55-917B-44FC-BC35-B570B260D33E}.Release|Any CPU.Build.0 = Release|Any CPU
		{37D748B7-73B8-4DD5-9615-155EAF8189E0}.Debug|Any CPU.ActiveCfg = Debug|Any CPU
		{37D748B7-73B8-4DD5-9615-155EAF8189E0}.Debug|Any CPU.Build.0 = Debug|Any CPU
		{37D748B7-73B8-4DD5-9615-155EAF8189E0}.Release|Any CPU.ActiveCfg = Release|Any CPU
		{37D748B7-73B8-4DD5-9615-155EAF8189E0}.Release|Any CPU.Build.0 = Release|Any CPU
		{1C9DF059-183B-42D4-AE75-11383BDF04C2}.Debug|Any CPU.ActiveCfg = Debug|Any CPU
		{1C9DF059-183B-42D4-AE75-11383BDF04C2}.Debug|Any CPU.Build.0 = Debug|Any CPU
		{1C9DF059-183B-42D4-AE75-11383BDF04C2}.Release|Any CPU.ActiveCfg = Release|Any CPU
		{1C9DF059-183B-42D4-AE75-11383BDF04C2}.Release|Any CPU.Build.0 = Release|Any CPU
		{69E568A2-3606-442D-81F9-D29E38E98A4F}.Debug|Any CPU.ActiveCfg = Debug|Any CPU
		{69E568A2-3606-442D-81F9-D29E38E98A4F}.Debug|Any CPU.Build.0 = Debug|Any CPU
		{69E568A2-3606-442D-81F9-D29E38E98A4F}.Release|Any CPU.ActiveCfg = Release|Any CPU
		{69E568A2-3606-442D-81F9-D29E38E98A4F}.Release|Any CPU.Build.0 = Release|Any CPU
		{CE08407F-8084-4EC1-A27D-58E428768671}.Debug|Any CPU.ActiveCfg = Debug|Any CPU
		{CE08407F-8084-4EC1-A27D-58E428768671}.Debug|Any CPU.Build.0 = Debug|Any CPU
		{CE08407F-8084-4EC1-A27D-58E428768671}.Release|Any CPU.ActiveCfg = Release|Any CPU
		{CE08407F-8084-4EC1-A27D-58E428768671}.Release|Any CPU.Build.0 = Release|Any CPU
		{B01AA1DC-4EE6-4E74-97CA-1C2ED8B8ADAE}.Debug|Any CPU.ActiveCfg = Debug|Any CPU
		{B01AA1DC-4EE6-4E74-97CA-1C2ED8B8ADAE}.Debug|Any CPU.Build.0 = Debug|Any CPU
		{B01AA1DC-4EE6-4E74-97CA-1C2ED8B8ADAE}.Release|Any CPU.ActiveCfg = Release|Any CPU
		{B01AA1DC-4EE6-4E74-97CA-1C2ED8B8ADAE}.Release|Any CPU.Build.0 = Release|Any CPU
	EndGlobalSection
	GlobalSection(SolutionProperties) = preSolution
		HideSolutionNode = FALSE
	EndGlobalSection
	GlobalSection(NestedProjects) = preSolution
		{48EAA43A-E921-4165-90E9-CDA18FD9CD5C} = {CC46CD06-CEC1-416E-8F6E-22825FC60D8E}
		{32086352-F513-4F29-88CE-6C99C8BA6AA4} = {B5E4E568-F325-4FA3-A76F-69554EACC9E6}
		{9A0B6DE3-DEF5-4312-977C-396C44B0D4C8} = {CC46CD06-CEC1-416E-8F6E-22825FC60D8E}
		{3195BB27-0EE2-432F-914E-974B318F2A78} = {CC46CD06-CEC1-416E-8F6E-22825FC60D8E}
		{3AB7C111-F064-4E02-98F7-A7D39230DEE3} = {CC46CD06-CEC1-416E-8F6E-22825FC60D8E}
		{5154FDB4-1B39-444F-97D8-F560D71255FB} = {CC46CD06-CEC1-416E-8F6E-22825FC60D8E}
		{14C9A83C-B7C9-48F0-9724-E769198365B4} = {CC46CD06-CEC1-416E-8F6E-22825FC60D8E}
		{A415CD55-917B-44FC-BC35-B570B260D33E} = {CC46CD06-CEC1-416E-8F6E-22825FC60D8E}
		{37D748B7-73B8-4DD5-9615-155EAF8189E0} = {CC46CD06-CEC1-416E-8F6E-22825FC60D8E}
		{1C9DF059-183B-42D4-AE75-11383BDF04C2} = {CC46CD06-CEC1-416E-8F6E-22825FC60D8E}
		{69E568A2-3606-442D-81F9-D29E38E98A4F} = {CC46CD06-CEC1-416E-8F6E-22825FC60D8E}
		{CE08407F-8084-4EC1-A27D-58E428768671} = {CC46CD06-CEC1-416E-8F6E-22825FC60D8E}
		{B01AA1DC-4EE6-4E74-97CA-1C2ED8B8ADAE} = {CC46CD06-CEC1-416E-8F6E-22825FC60D8E}
	EndGlobalSection
	GlobalSection(ExtensibilityGlobals) = postSolution
		SolutionGuid = {89390666-BFE2-414C-9E00-CC60CB9DA997}
	EndGlobalSection
EndGlobal
