
Microsoft Visual Studio Solution File, Format Version 12.00
# Visual Studio 14
VisualStudioVersion = 14.0.25123.0
MinimumVisualStudioVersion = 10.0.40219.1
Project("{FAE04EC0-301F-11D3-BF4B-00C04F79EFBC}") = "TauCode.Keeker.Core", "TauCode.Keeker.Core\TauCode.Keeker.Core.csproj", "{A0CB7CA4-702A-4CB7-9562-66BC9583AE74}"
EndProject
Project("{FAE04EC0-301F-11D3-BF4B-00C04F79EFBC}") = "TauCode.Keeker.Tests", "TauCode.Keeker.Tests\TauCode.Keeker.Tests.csproj", "{FD113E10-FFE4-4E5D-8213-593BD2A6078D}"
EndProject
Global
	GlobalSection(SolutionConfigurationPlatforms) = preSolution
		Debug|Any CPU = Debug|Any CPU
		Release|Any CPU = Release|Any CPU
	EndGlobalSection
	GlobalSection(ProjectConfigurationPlatforms) = postSolution
		{A0CB7CA4-702A-4CB7-9562-66BC9583AE74}.Debug|Any CPU.ActiveCfg = Debug|Any CPU
		{A0CB7CA4-702A-4CB7-9562-66BC9583AE74}.Debug|Any CPU.Build.0 = Debug|Any CPU
		{A0CB7CA4-702A-4CB7-9562-66BC9583AE74}.Release|Any CPU.ActiveCfg = Release|Any CPU
		{A0CB7CA4-702A-4CB7-9562-66BC9583AE74}.Release|Any CPU.Build.0 = Release|Any CPU
		{FD113E10-FFE4-4E5D-8213-593BD2A6078D}.Debug|Any CPU.ActiveCfg = Debug|Any CPU
		{FD113E10-FFE4-4E5D-8213-593BD2A6078D}.Debug|Any CPU.Build.0 = Debug|Any CPU
		{FD113E10-FFE4-4E5D-8213-593BD2A6078D}.Release|Any CPU.ActiveCfg = Release|Any CPU
		{FD113E10-FFE4-4E5D-8213-593BD2A6078D}.Release|Any CPU.Build.0 = Release|Any CPU
	EndGlobalSection
	GlobalSection(SolutionProperties) = preSolution
		HideSolutionNode = FALSE
	EndGlobalSection
EndGlobal
